
Microsoft Visual Studio Solution File, Format Version 12.00
# Visual Studio Version 17
VisualStudioVersion = 17.7.34024.191
MinimumVisualStudioVersion = 10.0.40219.1
Project("{FAE04EC0-301F-11D3-BF4B-00C04F79EFBC}") = "PlumCoLx_Groep60", "PlumCoLx_Groep60\PlumCoLx_Groep60.csproj", "{ED3B0387-2F64-45D1-AD8B-0F124F89BC4E}"
EndProject
Project("{2150E333-8FDC-42A3-9474-1A3956D46DE8}") = "Solution Items", "Solution Items", "{8C03F128-1C36-4A23-9A1C-1EA76BBB1BDF}"
	ProjectSection(SolutionItems) = preProject
		..\..\..\..\..\Downloads\plumcolx-brand-board-your-branding-colors-and-fonts.zip = ..\..\..\..\..\Downloads\plumcolx-brand-board-your-branding-colors-and-fonts.zip
		..\..\..\..\..\Downloads\plumcolx-logo-zip-file.zip = ..\..\..\..\..\Downloads\plumcolx-logo-zip-file.zip
		..\..\..\..\..\Downloads\plumcolx-logo.png = ..\..\..\..\..\Downloads\plumcolx-logo.png
	EndProjectSection
EndProject
Global
	GlobalSection(SolutionConfigurationPlatforms) = preSolution
		Debug|Any CPU = Debug|Any CPU
		Release|Any CPU = Release|Any CPU
	EndGlobalSection
	GlobalSection(ProjectConfigurationPlatforms) = postSolution
		{ED3B0387-2F64-45D1-AD8B-0F124F89BC4E}.Debug|Any CPU.ActiveCfg = Debug|Any CPU
		{ED3B0387-2F64-45D1-AD8B-0F124F89BC4E}.Debug|Any CPU.Build.0 = Debug|Any CPU
		{ED3B0387-2F64-45D1-AD8B-0F124F89BC4E}.Release|Any CPU.ActiveCfg = Release|Any CPU
		{ED3B0387-2F64-45D1-AD8B-0F124F89BC4E}.Release|Any CPU.Build.0 = Release|Any CPU
	EndGlobalSection
	GlobalSection(SolutionProperties) = preSolution
		HideSolutionNode = FALSE
	EndGlobalSection
	GlobalSection(ExtensibilityGlobals) = postSolution
		SolutionGuid = {EFD412BF-9C30-4964-8240-8DE7047FF3DE}
	EndGlobalSection
EndGlobal
